
Microsoft Visual Studio Solution File, Format Version 12.00
# Visual Studio Version 16
VisualStudioVersion = 25.0.1700.2
MinimumVisualStudioVersion = 10.0.40219.1
Project("{FAE04EC0-301F-11D3-BF4B-00C04F79EFBC}") = "TestApp", "TestApp\TestApp.csproj", "{1B16F4EF-56E5-4A71-A7A1-0FE623CA42DA}"
EndProject
Global
	GlobalSection(SolutionConfigurationPlatforms) = preSolution
		Debug|Any CPU = Debug|Any CPU
		Release|Any CPU = Release|Any CPU
	EndGlobalSection
	GlobalSection(ProjectConfigurationPlatforms) = postSolution
		{1B16F4EF-56E5-4A71-A7A1-0FE623CA42DA}.Debug|Any CPU.ActiveCfg = Debug|Any CPU
		{1B16F4EF-56E5-4A71-A7A1-0FE623CA42DA}.Debug|Any CPU.Build.0 = Debug|Any CPU
		{1B16F4EF-56E5-4A71-A7A1-0FE623CA42DA}.Release|Any CPU.ActiveCfg = Release|Any CPU
		{1B16F4EF-56E5-4A71-A7A1-0FE623CA42DA}.Release|Any CPU.Build.0 = Release|Any CPU
	EndGlobalSection
	GlobalSection(SolutionProperties) = preSolution
		HideSolutionNode = FALSE
	EndGlobalSection
	GlobalSection(ExtensibilityGlobals) = postSolution
		SolutionGuid = {AEE55398-0888-4117-9F50-75A9DF16B302}
	EndGlobalSection
EndGlobal
